
Microsoft Visual Studio Solution File, Format Version 11.00
# Visual Studio 2010
Project("{FAE04EC0-301F-11D3-BF4B-00C04F79EFBC}") = "Assembly-CSharp", "Assembly-CSharp.csproj", "{50A69783-4BF1-C497-F625-79A3FA0CADB0}"
EndProject
Project("{FAE04EC0-301F-11D3-BF4B-00C04F79EFBC}") = "Assembly-CSharp-firstpass", "Assembly-CSharp-firstpass.csproj", "{8D5C482E-2EA6-3834-3FEC-DB81C3520062}"
EndProject
Project("{FAE04EC0-301F-11D3-BF4B-00C04F79EFBC}") = "Assembly-CSharp-Editor-firstpass", "Assembly-CSharp-Editor-firstpass.csproj", "{DE1D7BBD-0D9C-D603-DE7F-FE4D9D2F55D3}"
EndProject
Global
	GlobalSection(SolutionConfigurationPlatforms) = preSolution
		Debug|Any CPU = Debug|Any CPU
		Release|Any CPU = Release|Any CPU
	EndGlobalSection
	GlobalSection(ProjectConfigurationPlatforms) = postSolution
		{50A69783-4BF1-C497-F625-79A3FA0CADB0}.Debug|Any CPU.ActiveCfg = Debug|Any CPU
		{50A69783-4BF1-C497-F625-79A3FA0CADB0}.Debug|Any CPU.Build.0 = Debug|Any CPU
		{50A69783-4BF1-C497-F625-79A3FA0CADB0}.Release|Any CPU.ActiveCfg = Release|Any CPU
		{50A69783-4BF1-C497-F625-79A3FA0CADB0}.Release|Any CPU.Build.0 = Release|Any CPU
		{8D5C482E-2EA6-3834-3FEC-DB81C3520062}.Debug|Any CPU.ActiveCfg = Debug|Any CPU
		{8D5C482E-2EA6-3834-3FEC-DB81C3520062}.Debug|Any CPU.Build.0 = Debug|Any CPU
		{8D5C482E-2EA6-3834-3FEC-DB81C3520062}.Release|Any CPU.ActiveCfg = Release|Any CPU
		{8D5C482E-2EA6-3834-3FEC-DB81C3520062}.Release|Any CPU.Build.0 = Release|Any CPU
		{DE1D7BBD-0D9C-D603-DE7F-FE4D9D2F55D3}.Debug|Any CPU.ActiveCfg = Debug|Any CPU
		{DE1D7BBD-0D9C-D603-DE7F-FE4D9D2F55D3}.Debug|Any CPU.Build.0 = Debug|Any CPU
		{DE1D7BBD-0D9C-D603-DE7F-FE4D9D2F55D3}.Release|Any CPU.ActiveCfg = Release|Any CPU
		{DE1D7BBD-0D9C-D603-DE7F-FE4D9D2F55D3}.Release|Any CPU.Build.0 = Release|Any CPU
	EndGlobalSection
	GlobalSection(SolutionProperties) = preSolution
		HideSolutionNode = FALSE
	EndGlobalSection
	GlobalSection(MonoDevelopProperties) = preSolution
		StartupItem = Assembly-CSharp.csproj
	EndGlobalSection
EndGlobal
